
Microsoft Visual Studio Solution File, Format Version 11.00
# Visual Studio 2010
Project("{FAE04EC0-301F-11D3-BF4B-00C04F79EFBC}") = "InputSystem.Samples.Visualizers", "InputSystem.Samples.Visualizers.csproj", "{29265e2b-6cbe-48c9-b8a5-cdec2d9e0287}"
EndProject
Project("{FAE04EC0-301F-11D3-BF4B-00C04F79EFBC}") = "Assembly-CSharp", "Assembly-CSharp.csproj", "{7528d960-cd6f-c67e-b582-5866bf243364}"
EndProject
Global
	GlobalSection(SolutionConfigurationPlatforms) = preSolution
		Debug|Any CPU = Debug|Any CPU
	EndGlobalSection
	GlobalSection(ProjectConfigurationPlatforms) = postSolution
		{29265e2b-6cbe-48c9-b8a5-cdec2d9e0287}.Debug|Any CPU.ActiveCfg = Debug|Any CPU
		{29265e2b-6cbe-48c9-b8a5-cdec2d9e0287}.Debug|Any CPU.Build.0 = Debug|Any CPU
		{7528d960-cd6f-c67e-b582-5866bf243364}.Debug|Any CPU.ActiveCfg = Debug|Any CPU
		{7528d960-cd6f-c67e-b582-5866bf243364}.Debug|Any CPU.Build.0 = Debug|Any CPU
	EndGlobalSection
	GlobalSection(SolutionProperties) = preSolution
		HideSolutionNode = FALSE
	EndGlobalSection
EndGlobal
